Microsoft Visual Studio Solution File, Format Version 12.00
# Visual Studio Version 17
VisualStudioVersion = 17.0.31903.59
MinimumVisualStudioVersion = 10.0.40219.1
Project("{FAE04EC0-301F-11D3-BF4B-00C04F79EFBC}") = "RancherSaddle.Api", "RancherSaddle.Api\RancherSaddle.Api.csproj", "{40B77425-04D2-470F-A560-5C259E0F14DB}"
EndProject
Project("{FAE04EC0-301F-11D3-BF4B-00C04F79EFBC}") = "RancherSaddle.Web", "RancherSaddle.Web\RancherSaddle.Web.csproj", "{ABB7A1B6-8A85-4FB0-9BDE-CEB55C042D66}"
EndProject
Project("{FAE04EC0-301F-11D3-BF4B-00C04F79EFBC}") = "RancherSaddle.Shared", "RancherSaddle.Shared\RancherSaddle.Shared.csproj", "{C0FFEE12-3456-7890-ABCD-1234567890AB}"
EndProject
Global
	GlobalSection(SolutionConfigurationPlatforms) = preSolution
		Debug|Any CPU = Debug|Any CPU
		Release|Any CPU = Release|Any CPU
	EndGlobalSection
	GlobalSection(SolutionProperties) = preSolution
		HideSolutionNode = FALSE
	EndGlobalSection
	GlobalSection(ProjectConfigurationPlatforms) = postSolution
		{40B77425-04D2-470F-A560-5C259E0F14DB}.Debug|Any CPU.ActiveCfg = Debug|Any CPU
		{40B77425-04D2-470F-A560-5C259E0F14DB}.Debug|Any CPU.Build.0 = Debug|Any CPU
		{40B77425-04D2-470F-A560-5C259E0F14DB}.Release|Any CPU.ActiveCfg = Release|Any CPU
		{40B77425-04D2-470F-A560-5C259E0F14DB}.Release|Any CPU.Build.0 = Release|Any CPU
		{ABB7A1B6-8A85-4FB0-9BDE-CEB55C042D66}.Debug|Any CPU.ActiveCfg = Debug|Any CPU
		{ABB7A1B6-8A85-4FB0-9BDE-CEB55C042D66}.Debug|Any CPU.Build.0 = Debug|Any CPU
		{ABB7A1B6-8A85-4FB0-9BDE-CEB55C042D66}.Release|Any CPU.ActiveCfg = Release|Any CPU
		{ABB7A1B6-8A85-4FB0-9BDE-CEB55C042D66}.Release|Any CPU.Build.0 = Release|Any CPU
		{C0FFEE12-3456-7890-ABCD-1234567890AB}.Debug|Any CPU.ActiveCfg = Debug|Any CPU
		{C0FFEE12-3456-7890-ABCD-1234567890AB}.Debug|Any CPU.Build.0 = Debug|Any CPU
		{C0FFEE12-3456-7890-ABCD-1234567890AB}.Release|Any CPU.ActiveCfg = Release|Any CPU
		{C0FFEE12-3456-7890-ABCD-1234567890AB}.Release|Any CPU.Build.0 = Release|Any CPU
	EndGlobalSection
EndGlobal
